
Microsoft Visual Studio Solution File, Format Version 12.00
# Visual Studio Version 17
VisualStudioVersion = 17.0.31903.59
MinimumVisualStudioVersion = 10.0.40219.1
Project("{2150E333-8FDC-42A3-9474-1A3956D46DE8}") = "src", "src", "{827E0CD3-B72D-47B6-A68D-7590B98EB39B}"
EndProject
Project("{FAE04EC0-301F-11D3-BF4B-00C04F79EFBC}") = "BookStore.Domain", "src\BookStore.Domain\BookStore.Domain.csproj", "{442F379E-E4D3-42BD-BCA8-C9D8684636A6}"
EndProject
Project("{FAE04EC0-301F-11D3-BF4B-00C04F79EFBC}") = "BookStore.Application", "src\BookStore.Application\BookStore.Application.csproj", "{DE0CEDE4-1327-4DCE-9095-1EFEE74B9B56}"
EndProject
Project("{FAE04EC0-301F-11D3-BF4B-00C04F79EFBC}") = "BookStore.Infrastructure", "src\BookStore.Infrastructure\BookStore.Infrastructure.csproj", "{CD8AC3F7-68A5-4EA7-9798-DF1B14749629}"
EndProject
Project("{FAE04EC0-301F-11D3-BF4B-00C04F79EFBC}") = "BookStore.API", "src\BookStore.API\BookStore.API.csproj", "{525329C6-0E1D-4891-86B3-241F5241EB29}"
EndProject
Global
	GlobalSection(SolutionConfigurationPlatforms) = preSolution
		Debug|Any CPU = Debug|Any CPU
		Debug|x64 = Debug|x64
		Debug|x86 = Debug|x86
		Release|Any CPU = Release|Any CPU
		Release|x64 = Release|x64
		Release|x86 = Release|x86
	EndGlobalSection
	GlobalSection(ProjectConfigurationPlatforms) = postSolution
		{442F379E-E4D3-42BD-BCA8-C9D8684636A6}.Debug|Any CPU.ActiveCfg = Debug|Any CPU
		{442F379E-E4D3-42BD-BCA8-C9D8684636A6}.Debug|Any CPU.Build.0 = Debug|Any CPU
		{442F379E-E4D3-42BD-BCA8-C9D8684636A6}.Debug|x64.ActiveCfg = Debug|Any CPU
		{442F379E-E4D3-42BD-BCA8-C9D8684636A6}.Debug|x64.Build.0 = Debug|Any CPU
		{442F379E-E4D3-42BD-BCA8-C9D8684636A6}.Debug|x86.ActiveCfg = Debug|Any CPU
		{442F379E-E4D3-42BD-BCA8-C9D8684636A6}.Debug|x86.Build.0 = Debug|Any CPU
		{442F379E-E4D3-42BD-BCA8-C9D8684636A6}.Release|Any CPU.ActiveCfg = Release|Any CPU
		{442F379E-E4D3-42BD-BCA8-C9D8684636A6}.Release|Any CPU.Build.0 = Release|Any CPU
		{442F379E-E4D3-42BD-BCA8-C9D8684636A6}.Release|x64.ActiveCfg = Release|Any CPU
		{442F379E-E4D3-42BD-BCA8-C9D8684636A6}.Release|x64.Build.0 = Release|Any CPU
		{442F379E-E4D3-42BD-BCA8-C9D8684636A6}.Release|x86.ActiveCfg = Release|Any CPU
		{442F379E-E4D3-42BD-BCA8-C9D8684636A6}.Release|x86.Build.0 = Release|Any CPU
		{DE0CEDE4-1327-4DCE-9095-1EFEE74B9B56}.Debug|Any CPU.ActiveCfg = Debug|Any CPU
		{DE0CEDE4-1327-4DCE-9095-1EFEE74B9B56}.Debug|Any CPU.Build.0 = Debug|Any CPU
		{DE0CEDE4-1327-4DCE-9095-1EFEE74B9B56}.Debug|x64.ActiveCfg = Debug|Any CPU
		{DE0CEDE4-1327-4DCE-9095-1EFEE74B9B56}.Debug|x64.Build.0 = Debug|Any CPU
		{DE0CEDE4-1327-4DCE-9095-1EFEE74B9B56}.Debug|x86.ActiveCfg = Debug|Any CPU
		{DE0CEDE4-1327-4DCE-9095-1EFEE74B9B56}.Debug|x86.Build.0 = Debug|Any CPU
		{DE0CEDE4-1327-4DCE-9095-1EFEE74B9B56}.Release|Any CPU.ActiveCfg = Release|Any CPU
		{DE0CEDE4-1327-4DCE-9095-1EFEE74B9B56}.Release|Any CPU.Build.0 = Release|Any CPU
		{DE0CEDE4-1327-4DCE-9095-1EFEE74B9B56}.Release|x64.ActiveCfg = Release|Any CPU
		{DE0CEDE4-1327-4DCE-9095-1EFEE74B9B56}.Release|x64.Build.0 = Release|Any CPU
		{DE0CEDE4-1327-4DCE-9095-1EFEE74B9B56}.Release|x86.ActiveCfg = Release|Any CPU
		{DE0CEDE4-1327-4DCE-9095-1EFEE74B9B56}.Release|x86.Build.0 = Release|Any CPU
		{CD8AC3F7-68A5-4EA7-9798-DF1B14749629}.Debug|Any CPU.ActiveCfg = Debug|Any CPU
		{CD8AC3F7-68A5-4EA7-9798-DF1B14749629}.Debug|Any CPU.Build.0 = Debug|Any CPU
		{CD8AC3F7-68A5-4EA7-9798-DF1B14749629}.Debug|x64.ActiveCfg = Debug|Any CPU
		{CD8AC3F7-68A5-4EA7-9798-DF1B14749629}.Debug|x64.Build.0 = Debug|Any CPU
		{CD8AC3F7-68A5-4EA7-9798-DF1B14749629}.Debug|x86.ActiveCfg = Debug|Any CPU
		{CD8AC3F7-68A5-4EA7-9798-DF1B14749629}.Debug|x86.Build.0 = Debug|Any CPU
		{CD8AC3F7-68A5-4EA7-9798-DF1B14749629}.Release|Any CPU.ActiveCfg = Release|Any CPU
		{CD8AC3F7-68A5-4EA7-9798-DF1B14749629}.Release|Any CPU.Build.0 = Release|Any CPU
		{CD8AC3F7-68A5-4EA7-9798-DF1B14749629}.Release|x64.ActiveCfg = Release|Any CPU
		{CD8AC3F7-68A5-4EA7-9798-DF1B14749629}.Release|x64.Build.0 = Release|Any CPU
		{CD8AC3F7-68A5-4EA7-9798-DF1B14749629}.Release|x86.ActiveCfg = Release|Any CPU
		{CD8AC3F7-68A5-4EA7-9798-DF1B14749629}.Release|x86.Build.0 = Release|Any CPU
		{525329C6-0E1D-4891-86B3-241F5241EB29}.Debug|Any CPU.ActiveCfg = Debug|Any CPU
		{525329C6-0E1D-4891-86B3-241F5241EB29}.Debug|Any CPU.Build.0 = Debug|Any CPU
		{525329C6-0E1D-4891-86B3-241F5241EB29}.Debug|x64.ActiveCfg = Debug|Any CPU
		{525329C6-0E1D-4891-86B3-241F5241EB29}.Debug|x64.Build.0 = Debug|Any CPU
		{525329C6-0E1D-4891-86B3-241F5241EB29}.Debug|x86.ActiveCfg = Debug|Any CPU
		{525329C6-0E1D-4891-86B3-241F5241EB29}.Debug|x86.Build.0 = Debug|Any CPU
		{525329C6-0E1D-4891-86B3-241F5241EB29}.Release|Any CPU.ActiveCfg = Release|Any CPU
		{525329C6-0E1D-4891-86B3-241F5241EB29}.Release|Any CPU.Build.0 = Release|Any CPU
		{525329C6-0E1D-4891-86B3-241F5241EB29}.Release|x64.ActiveCfg = Release|Any CPU
		{525329C6-0E1D-4891-86B3-241F5241EB29}.Release|x64.Build.0 = Release|Any CPU
		{525329C6-0E1D-4891-86B3-241F5241EB29}.Release|x86.ActiveCfg = Release|Any CPU
		{525329C6-0E1D-4891-86B3-241F5241EB29}.Release|x86.Build.0 = Release|Any CPU
	EndGlobalSection
	GlobalSection(SolutionProperties) = preSolution
		HideSolutionNode = FALSE
	EndGlobalSection
	GlobalSection(NestedProjects) = preSolution
		{442F379E-E4D3-42BD-BCA8-C9D8684636A6} = {827E0CD3-B72D-47B6-A68D-7590B98EB39B}
		{DE0CEDE4-1327-4DCE-9095-1EFEE74B9B56} = {827E0CD3-B72D-47B6-A68D-7590B98EB39B}
		{CD8AC3F7-68A5-4EA7-9798-DF1B14749629} = {827E0CD3-B72D-47B6-A68D-7590B98EB39B}
		{525329C6-0E1D-4891-86B3-241F5241EB29} = {827E0CD3-B72D-47B6-A68D-7590B98EB39B}
	EndGlobalSection
	GlobalSection(ExtensibilityGlobals) = postSolution
		SolutionGuid = {407D15D4-9646-4D34-A7C6-CB0EF3E64BE2}
	EndGlobalSection
EndGlobal
